<?xml version="1.0" encoding="utf-8"?>
<Project ToolsVersion="4.0" xmlns="http://schemas.microsoft.com/developer/msbuild/2003">
  <ItemGroup>
    <Filter Include="Source Files">
      <UniqueIdentifier>{4FC737F1-C7A5-4376-A066-2A32D752A2FF}</UniqueIdentifier>
      <Extensions>cpp;c;cc;cxx;c++;cppm;ixx;def;odl;idl;hpj;bat;asm;asmx</Extensions>
    </Filter>
    <Filter Include="Header Files">
      <UniqueIdentifier>{93995380-89BD-4b04-88EB-625FBE52EBFB}</UniqueIdentifier>
      <Extensions>h;hh;hpp;hxx;h++;hm;inl;inc;ipp;xsd</Extensions>
    </Filter>
    <Filter Include="Resource Files">
      <UniqueIdentifier>{67DA6AB6-F800-4c08-8B7A-83BB121AAD01}</UniqueIdentifier>
      <Extensions>rc;ico;cur;bmp;dlg;rc2;rct;bin;rgs;gif;jpg;jpeg;jpe;resx;tiff;tif;png;wav;mfcribbon-ms</Extensions>
    </Filter>
    <Filter Include="Resource Files\Textures">
      <UniqueIdentifier>{2acf2e82-8af6-4766-9cb5-9004757e43fa}</UniqueIdentifier>
    </Filter>
    <Filter Include="Resource Files\Textures\Heightmaps">
      <UniqueIdentifier>{3499ff5d-a5ca-4484-b5d2-e287cf3a26f3}</UniqueIdentifier>
    </Filter>
  </ItemGroup>
  <ItemGroup>
    <ClCompile Include="src\main.cpp">
      <Filter>Source Files</Filter>
    </ClCompile>
    <ClCompile Include="src\Utils.cpp">
      <Filter>Source Files</Filter>
    </ClCompile>
    <ClCompile Include="src\shape.cpp">
      <Filter>Source Files</Filter>
    </ClCompile>
  </ItemGroup>
  <ItemGroup>
    <None Include="src\fragmentShaderRed.glsl">
      <Filter>Resource Files</Filter>
    </None>
    <None Include="src\fragmentShader.glsl">
      <Filter>Resource Files</Filter>
    </None>
    <None Include="src\vertexShader.glsl">
      <Filter>Resource Files</Filter>
    </None>
    <None Include="src\fragmentShaderTexture.glsl">
      <Filter>Resource Files</Filter>
    </None>
  </ItemGroup>
  <ItemGroup>
    <ClInclude Include="src\Utils.h">
      <Filter>Header Files</Filter>
    </ClInclude>
    <ClInclude Include="src\shape.h">
      <Filter>Header Files</Filter>
    </ClInclude>
  </ItemGroup>
  <ItemGroup>
    <Image Include="src\Textures\Heightmaps\heightmap_1.png">
      <Filter>Resource Files\Textures\Heightmaps</Filter>
    </Image>
    <Image Include="src\Textures\Heightmaps\heightmap_2.png">
      <Filter>Resource Files\Textures\Heightmaps</Filter>
    </Image>
    <Image Include="src\Textures\Heightmaps\heightmap_3.png">
      <Filter>Resource Files\Textures\Heightmaps</Filter>
    </Image>
    <Image Include="src\Textures\Heightmaps\heightmap_4.png">
      <Filter>Resource Files\Textures\Heightmaps</Filter>
    </Image>
    <Image Include="src\Textures\mc_chicken.jpeg">
      <Filter>Resource Files\Textures</Filter>
    </Image>
    <Image Include="src\Textures\Heightmaps\mc_chicken.jpeg">
      <Filter>Resource Files\Textures\Heightmaps</Filter>
    </Image>
  </ItemGroup>
</Project>